
Microsoft Visual Studio Solution File, Format Version 12.00
# Visual Studio Version 17
VisualStudioVersion = 17.3.32901.215
MinimumVisualStudioVersion = 10.0.40219.1
Project("{FAE04EC0-301F-11D3-BF4B-00C04F79EFBC}") = "ShopWithDiscounts", "ShopWithDiscounts\ShopWithDiscounts.csproj", "{D83268D0-C357-4B61-9B57-7A6D2CECB094}"
EndProject
Global
	GlobalSection(SolutionConfigurationPlatforms) = preSolution
		Debug|Any CPU = Debug|Any CPU
		Release|Any CPU = Release|Any CPU
	EndGlobalSection
	GlobalSection(ProjectConfigurationPlatforms) = postSolution
		{D83268D0-C357-4B61-9B57-7A6D2CECB094}.Debug|Any CPU.ActiveCfg = Debug|Any CPU
		{D83268D0-C357-4B61-9B57-7A6D2CECB094}.Debug|Any CPU.Build.0 = Debug|Any CPU
		{D83268D0-C357-4B61-9B57-7A6D2CECB094}.Release|Any CPU.ActiveCfg = Release|Any CPU
		{D83268D0-C357-4B61-9B57-7A6D2CECB094}.Release|Any CPU.Build.0 = Release|Any CPU
	EndGlobalSection
	GlobalSection(SolutionProperties) = preSolution
		HideSolutionNode = FALSE
	EndGlobalSection
	GlobalSection(ExtensibilityGlobals) = postSolution
		SolutionGuid = {BBB804A1-E81B-45E3-985A-2CEA700918FE}
	EndGlobalSection
EndGlobal
